
Microsoft Visual Studio Solution File, Format Version 12.00
# Visual Studio Version 17
VisualStudioVersion = 17.9.34728.123
MinimumVisualStudioVersion = 10.0.40219.1
Project("{FAE04EC0-301F-11D3-BF4B-00C04F79EFBC}") = "Localyzer", "Localyzer.csproj", "{F721359D-B075-41A6-80B9-E32BCAF3BB34}"
EndProject
Global
	GlobalSection(SolutionConfigurationPlatforms) = preSolution
		Debug|Any CPU = Debug|Any CPU
		Release|Any CPU = Release|Any CPU
	EndGlobalSection
	GlobalSection(ProjectConfigurationPlatforms) = postSolution
		{F721359D-B075-41A6-80B9-E32BCAF3BB34}.Debug|Any CPU.ActiveCfg = Debug|Any CPU
		{F721359D-B075-41A6-80B9-E32BCAF3BB34}.Debug|Any CPU.Build.0 = Debug|Any CPU
		{F721359D-B075-41A6-80B9-E32BCAF3BB34}.Release|Any CPU.ActiveCfg = Release|Any CPU
		{F721359D-B075-41A6-80B9-E32BCAF3BB34}.Release|Any CPU.Build.0 = Release|Any CPU
	EndGlobalSection
	GlobalSection(SolutionProperties) = preSolution
		HideSolutionNode = FALSE
	EndGlobalSection
	GlobalSection(ExtensibilityGlobals) = postSolution
		SolutionGuid = {DAB0F789-3B13-4CFB-93AC-C41BD543414D}
	EndGlobalSection
EndGlobal
